// !$*UTF8*$!
{
	archiveVersion = 1;
	classes = {
	};
	objectVersion = 46;
	objects = {

/* Begin PBXBuildFile section */
		4A762E631C1127A100081545 /* main.m in Sources */ = {isa = PBXBuildFile; fileRef = 4A762E621C1127A100081545 /* main.m */; };
		4A762E661C1127A100081545 /* AppDelegate.m in Sources */ = {isa = PBXBuildFile; fileRef = 4A762E651C1127A100081545 /* AppDelegate.m */; };
		4A762E691C1127A100081545 /* ViewController.m in Sources */ = {isa = PBXBuildFile; fileRef = 4A762E681C1127A100081545 /* ViewController.m */; };
		4A762E6C1C1127A100081545 /* Main.storyboard in Resources */ = {isa = PBXBuildFile; fileRef = 4A762E6A1C1127A100081545 /* Main.storyboard */; };
		4A762E6E1C1127A100081545 /* Images.xcassets in Resources */ = {isa = PBXBuildFile; fileRef = 4A762E6D1C1127A100081545 /* Images.xcassets */; };
		4A762E711C1127A100081545 /* LaunchScreen.xib in Resources */ = {isa = PBXBuildFile; fileRef = 4A762E6F1C1127A100081545 /* LaunchScreen.xib */; };
		4A762E7D1C1127A100081545 /* TraceRouterTests.m in Sources */ = {isa = PBXBuildFile; fileRef = 4A762E7C1C1127A100081545 /* TraceRouterTests.m */; };
/* End PBXBuildFile section */

/* Begin PBXContainerItemProxy section */
		4A762E771C1127A100081545 /* PBXContainerItemProxy */ = {
			isa = PBXContainerItemProxy;
			containerPortal = 4A762E551C1127A100081545 /* Project object */;
			proxyType = 1;
			remoteGlobalIDString = 4A762E5C1C1127A100081545;
			remoteInfo = TraceRouter;
		};
/* End PBXContainerItemProxy section */

/* Begin PBXFileReference section */
		4A762E5D1C1127A100081545 /* TraceRouter.app */ = {isa = PBXFileReference; explicitFileType = wrapper.application; includeInIndex = 0; path = TraceRouter.app; sourceTree = BUILT_PRODUCTS_DIR; };
		4A762E611C1127A100081545 /* Info.plist */ = {isa = PBXFileReference; lastKnownFileType = text.plist.xml; path = Info.plist; sourceTree = "<group>"; };
		4A762E621C1127A100081545 /* main.m */ = {isa = PBXFileReference; lastKnownFileType = sourcecode.c.objc; path = main.m; sourceTree = "<group>"; };
		4A762E641C1127A100081545 /* AppDelegate.h */ = {isa = PBXFileReference; lastKnownFileType = sourcecode.c.h; path = AppDelegate.h; sourceTree = "<group>"; };
		4A762E651C1127A100081545 /* AppDelegate.m */ = {isa = PBXFileReference; lastKnownFileType = sourcecode.c.objc; path = AppDelegate.m; sourceTree = "<group>"; };
		4A762E671C1127A100081545 /* ViewController.h */ = {isa = PBXFileReference; lastKnownFileType = sourcecode.c.h; path = ViewController.h; sourceTree = "<group>"; };
		4A762E681C1127A100081545 /* ViewController.m */ = {isa = PBXFileReference; lastKnownFileType = sourcecode.c.objc; path = ViewController.m; sourceTree = "<group>"; };
		4A762E6B1C1127A100081545 /* Base */ = {isa = PBXFileReference; lastKnownFileType = file.storyboard; name = Base; path = Base.lproj/Main.storyboard; sourceTree = "<group>"; };
		4A762E6D1C1127A100081545 /* Images.xcassets */ = {isa = PBXFileReference; lastKnownFileType = folder.assetcatalog; path = Images.xcassets; sourceTree = "<group>"; };
		4A762E701C1127A100081545 /* Base */ = {isa = PBXFileReference; lastKnownFileType = file.xib; name = Base; path = Base.lproj/LaunchScreen.xib; sourceTree = "<group>"; };
		4A762E761C1127A100081545 /* TraceRouterTests.xctest */ = {isa = PBXFileReference; explicitFileType = wrapper.cfbundle; includeInIndex = 0; path = TraceRouterTests.xctest; sourceTree = BUILT_PRODUCTS_DIR; };
		4A762E7B1C1127A100081545 /* Info.plist */ = {isa = PBXFileReference; lastKnownFileType = text.plist.xml; path = Info.plist; sourceTree = "<group>"; };
		4A762E7C1C1127A100081545 /* TraceRouterTests.m */ = {isa = PBXFileReference; lastKnownFileType = sourcecode.c.objc; path = TraceRouterTests.m; sourceTree = "<group>"; };
/* End PBXFileReference section */

/* Begin PBXFrameworksBuildPhase section */
		4A762E5A1C1127A100081545 /* Frameworks */ = {
			isa = PBXFrameworksBuildPhase;
			buildActionMask = 2147483647;
			files = (
			);
			runOnlyForDeploymentPostprocessing = 0;
		};
		4A762E731C1127A100081545 /* Frameworks */ = {
			isa = PBXFrameworksBuildPhase;
			buildActionMask = 2147483647;
			files = (
			);
			runOnlyForDeploymentPostprocessing = 0;
		};
/* End PBXFrameworksBuildPhase section */

/* Begin PBXGroup section */
		4A762E541C1127A100081545 = {
			isa = PBXGroup;
			children = (
				4A762E5F1C1127A100081545 /* TraceRouter */,
				4A762E791C1127A100081545 /* TraceRouterTests */,
				4A762E5E1C1127A100081545 /* Products */,
			);
			sourceTree = "<group>";
		};
		4A762E5E1C1127A100081545 /* Products */ = {
			isa = PBXGroup;
			children = (
				4A762E5D1C1127A100081545 /* TraceRouter.app */,
				4A762E761C1127A100081545 /* TraceRouterTests.xctest */,
			);
			name = Products;
			sourceTree = "<group>";
		};
		4A762E5F1C1127A100081545 /* TraceRouter */ = {
			isa = PBXGroup;
			children = (
				4A762E641C1127A100081545 /* AppDelegate.h */,
				4A762E651C1127A100081545 /* AppDelegate.m */,
				4A762E671C1127A100081545 /* ViewController.h */,
				4A762E681C1127A100081545 /* ViewController.m */,
				4A762E6A1C1127A100081545 /* Main.storyboard */,
				4A762E6D1C1127A100081545 /* Images.xcassets */,
				4A762E6F1C1127A100081545 /* LaunchScreen.xib */,
				4A762E601C1127A100081545 /* Supporting Files */,
			);
			path = TraceRouter;
			sourceTree = "<group>";
		};
		4A762E601C1127A100081545 /* Supporting Files */ = {
			isa = PBXGroup;
			children = (
				4A762E611C1127A100081545 /* Info.plist */,
				4A762E621C1127A100081545 /* main.m */,
			);
			name = "Supporting Files";
			sourceTree = "<group>";
		};
		4A762E791C1127A100081545 /* TraceRouterTests */ = {
			isa = PBXGroup;
			children = (
				4A762E7C1C1127A100081545 /* TraceRouterTests.m */,
				4A762E7A1C1127A100081545 /* Supporting Files */,
			);
			path = TraceRouterTests;
			sourceTree = "<group>";
		};
		4A762E7A1C1127A100081545 /* Supporting Files */ = {
			isa = PBXGroup;
			children = (
				4A762E7B1C1127A100081545 /* Info.plist */,
			);
			name = "Supporting Files";
			sourceTree = "<group>";
		};
/* End PBXGroup section */

/* Begin PBXNativeTarget section */
		4A762E5C1C1127A100081545 /* TraceRouter */ = {
			isa = PBXNativeTarget;
			buildConfigurationList = 4A762E801C1127A100081545 /* Build configuration list for PBXNativeTarget "TraceRouter" */;
			buildPhases = (
				4A762E591C1127A100081545 /* Sources */,
				4A762E5A1C1127A100081545 /* Frameworks */,
				4A762E5B1C1127A100081545 /* Resources */,
			);
			buildRules = (
			);
			dependencies = (
			);
			name = TraceRouter;
			productName = TraceRouter;
			productReference = 4A762E5D1C1127A100081545 /* TraceRouter.app */;
			productType = "com.apple.product-type.application";
		};
		4A762E751C1127A100081545 /* TraceRouterTests */ = {
			isa = PBXNativeTarget;
			buildConfigurationList = 4A762E831C1127A100081545 /* Build configuration list for PBXNativeTarget "TraceRouterTests" */;
			buildPhases = (
				4A762E721C1127A100081545 /* Sources */,
				4A762E731C1127A100081545 /* Frameworks */,
				4A762E741C1127A100081545 /* Resources */,
			);
			buildRules = (
			);
			dependencies = (
				4A762E781C1127A100081545 /* PBXTargetDependency */,
			);
			name = TraceRouterTests;
			productName = TraceRouterTests;
			productReference = 4A762E761C1127A100081545 /* TraceRouterTests.xctest */;
			productType = "com.apple.product-type.bundle.unit-test";
		};
/* End PBXNativeTarget section */

/* Begin PBXProject section */
		4A762E551C1127A100081545 /* Project object */ = {
			isa = PBXProject;
			attributes = {
				LastUpgradeCheck = 0640;
				ORGANIZATIONNAME = Naver;
				TargetAttributes = {
					4A762E5C1C1127A100081545 = {
						CreatedOnToolsVersion = 6.4;
					};
					4A762E751C1127A100081545 = {
						CreatedOnToolsVersion = 6.4;
						TestTargetID = 4A762E5C1C1127A100081545;
					};
				};
			};
			buildConfigurationList = 4A762E581C1127A100081545 /* Build configuration list for PBXProject "TraceRouter" */;
			compatibilityVersion = "Xcode 3.2";
			developmentRegion = English;
			hasScannedForEncodings = 0;
			knownRegions = (
				en,
				Base,
			);
			mainGroup = 4A762E541C1127A100081545;
			productRefGroup = 4A762E5E1C1127A100081545 /* Products */;
			projectDirPath = "";
			projectRoot = "";
			targets = (
				4A762E5C1C1127A100081545 /* TraceRouter */,
				4A762E751C1127A100081545 /* TraceRouterTests */,
			);
		};
/* End PBXProject section */

/* Begin PBXResourcesBuildPhase section */
		4A762E5B1C1127A100081545 /* Resources */ = {
			isa = PBXResourcesBuildPhase;
			buildActionMask = 2147483647;
			files = (
				4A762E6C1C1127A100081545 /* Main.storyboard in Resources */,
				4A762E711C1127A100081545 /* LaunchScreen.xib in Resources */,
				4A762E6E1C1127A100081545 /* Images.xcassets in Resources */,
			);
			runOnlyForDeploymentPostprocessing = 0;
		};
		4A762E741C1127A100081545 /* Resources */ = {
			isa = PBXResourcesBuildPhase;
			buildActionMask = 2147483647;
			files = (
			);
			runOnlyForDeploymentPostprocessing = 0;
		};
/* End PBXResourcesBuildPhase section */

/* Begin PBXSourcesBuildPhase section */
		4A762E591C1127A100081545 /* Sources */ = {
			isa = PBXSourcesBuildPhase;
			buildActionMask = 2147483647;
			files = (
				4A762E691C1127A100081545 /* ViewController.m in Sources */,
				4A762E661C1127A100081545 /* AppDelegate.m in Sources */,
				4A762E631C1127A100081545 /* main.m in Sources */,
			);
			runOnlyForDeploymentPostprocessing = 0;
		};
		4A762E721C1127A100081545 /* Sources */ = {
			isa = PBXSourcesBuildPhase;
			buildActionMask = 2147483647;
			files = (
				4A762E7D1C1127A100081545 /* TraceRouterTests.m in Sources */,
			);
			runOnlyForDeploymentPostprocessing = 0;
		};
/* End PBXSourcesBuildPhase section */

/* Begin PBXTargetDependency section */
		4A762E781C1127A100081545 /* PBXTargetDependency */ = {
			isa = PBXTargetDependency;
			target = 4A762E5C1C1127A100081545 /* TraceRouter */;
			targetProxy = 4A762E771C1127A100081545 /* PBXContainerItemProxy */;
		};
/* End PBXTargetDependency section */

/* Begin PBXVariantGroup section */
		4A762E6A1C1127A100081545 /* Main.storyboard */ = {
			isa = PBXVariantGroup;
			children = (
				4A762E6B1C1127A100081545 /* Base */,
			);
			name = Main.storyboard;
			sourceTree = "<group>";
		};
		4A762E6F1C1127A100081545 /* LaunchScreen.xib */ = {
			isa = PBXVariantGroup;
			children = (
				4A762E701C1127A100081545 /* Base */,
			);
			name = LaunchScreen.xib;
			sourceTree = "<group>";
		};
/* End PBXVariantGroup section */

/* Begin XCBuildConfiguration section */
		4A762E7E1C1127A100081545 /* Debug */ = {
			isa = XCBuildConfiguration;
			buildSettings = {
				ALWAYS_SEARCH_USER_PATHS = NO;
				CLANG_CXX_LANGUAGE_STANDARD = "gnu++0x";
				CLANG_CXX_LIBRARY = "libc++";
				CLANG_ENABLE_MODULES = YES;
				CLANG_ENABLE_OBJC_ARC = YES;
				CLANG_WARN_BOOL_CONVERSION = YES;
				CLANG_WARN_CONSTANT_CONVERSION = YES;
				CLANG_WARN_DIRECT_OBJC_ISA_USAGE = YES_ERROR;
				CLANG_WARN_EMPTY_BODY = YES;
				CLANG_WARN_ENUM_CONVERSION = YES;
				CLANG_WARN_INT_CONVERSION = YES;
				CLANG_WARN_OBJC_ROOT_CLASS = YES_ERROR;
				CLANG_WARN_UNREACHABLE_CODE = YES;
				CLANG_WARN__DUPLICATE_METHOD_MATCH = YES;
				"CODE_SIGN_IDENTITY[sdk=iphoneos*]" = "iPhone Developer";
				COPY_PHASE_STRIP = NO;
				DEBUG_INFORMATION_FORMAT = "dwarf-with-dsym";
				ENABLE_STRICT_OBJC_MSGSEND = YES;
				GCC_C_LANGUAGE_STANDARD = gnu99;
				GCC_DYNAMIC_NO_PIC = NO;
				GCC_NO_COMMON_BLOCKS = YES;
				GCC_OPTIMIZATION_LEVEL = 0;
				GCC_PREPROCESSOR_DEFINITIONS = (
					"DEBUG=1",
					"$(inherited)",
				);
				GCC_SYMBOLS_PRIVATE_EXTERN = NO;
				GCC_WARN_64_TO_32_BIT_CONVERSION = YES;
				GCC_WARN_ABOUT_RETURN_TYPE = YES_ERROR;
				GCC_WARN_UNDECLARED_SELECTOR = YES;
				GCC_WARN_UNINITIALIZED_AUTOS = YES_AGGRESSIVE;
				GCC_WARN_UNUSED_FUNCTION = YES;
				GCC_WARN_UNUSED_VARIABLE = YES;
				IPHONEOS_DEPLOYMENT_TARGET = 8.4;
				MTL_ENABLE_DEBUG_INFO = YES;
				ONLY_ACTIVE_ARCH = YES;
				SDKROOT = iphoneos;
				TARGETED_DEVICE_FAMILY = "1,2";
			};
			name = Debug;
		};
		4A762E7F1C1127A100081545 /* Release */ = {
			isa = XCBuildConfiguration;
			buildSettings = {
				ALWAYS_SEARCH_USER_PATHS = NO;
				CLANG_CXX_LANGUAGE_STANDARD = "gnu++0x";
				CLANG_CXX_LIBRARY = "libc++";
				CLANG_ENABLE_MODULES = YES;
				CLANG_ENABLE_OBJC_ARC = YES;
				CLANG_WARN_BOOL_CONVERSION = YES;
				CLANG_WARN_CONSTANT_CONVERSION = YES;
				CLANG_WARN_DIRECT_OBJC_ISA_USAGE = YES_ERROR;
				CLANG_WARN_EMPTY_BODY = YES;
				CLANG_WARN_ENUM_CONVERSION = YES;
				CLANG_WARN_INT_CONVERSION = YES;
				CLANG_WARN_OBJC_ROOT_CLASS = YES_ERROR;
				CLANG_WARN_UNREACHABLE_CODE = YES;
				CLANG_WARN__DUPLICATE_METHOD_MATCH = YES;
				"CODE_SIGN_IDENTITY[sdk=iphoneos*]" = "iPhone Developer";
				COPY_PHASE_STRIP = NO;
				DEBUG_INFORMATION_FORMAT = "dwarf-with-dsym";
				ENABLE_NS_ASSERTIONS = NO;
				ENABLE_STRICT_OBJC_MSGSEND = YES;
				GCC_C_LANGUAGE_STANDARD = gnu99;
				GCC_NO_COMMON_BLOCKS = YES;
				GCC_WARN_64_TO_32_BIT_CONVERSION = YES;
				GCC_WARN_ABOUT_RETURN_TYPE = YES_ERROR;
				GCC_WARN_UNDECLARED_SELECTOR = YES;
				GCC_WARN_UNINITIALIZED_AUTOS = YES_AGGRESSIVE;
				GCC_WARN_UNUSED_FUNCTION = YES;
				GCC_WARN_UNUSED_VARIABLE = YES;
				IPHONEOS_DEPLOYMENT_TARGET = 8.4;
				MTL_ENABLE_DEBUG_INFO = NO;
				SDKROOT = iphoneos;
				TARGETED_DEVICE_FAMILY = "1,2";
				VALIDATE_PRODUCT = YES;
			};
			name = Release;
		};
		4A762E811C1127A100081545 /* Debug */ = {
			isa = XCBuildConfiguration;
			buildSettings = {
				ASSETCATALOG_COMPILER_APPICON_NAME = AppIcon;
				INFOPLIST_FILE = TraceRouter/Info.plist;
				LD_RUNPATH_SEARCH_PATHS = "$(inherited) @executable_path/Frameworks";
				PRODUCT_NAME = "$(TARGET_NAME)";
			};
			name = Debug;
		};
		4A762E821C1127A100081545 /* Release */ = {
			isa = XCBuildConfiguration;
			buildSettings = {
				ASSETCATALOG_COMPILER_APPICON_NAME = AppIcon;
				INFOPLIST_FILE = TraceRouter/Info.plist;
				LD_RUNPATH_SEARCH_PATHS = "$(inherited) @executable_path/Frameworks";
				PRODUCT_NAME = "$(TARGET_NAME)";
			};
			name = Release;
		};
		4A762E841C1127A100081545 /* Debug */ = {
			isa = XCBuildConfiguration;
			buildSettings = {
				BUNDLE_LOADER = "$(TEST_HOST)";
				FRAMEWORK_SEARCH_PATHS = (
					"$(SDKROOT)/Developer/Library/Frameworks",
					"$(inherited)",
				);
				GCC_PREPROCESSOR_DEFINITIONS = (
					"DEBUG=1",
					"$(inherited)",
				);
				INFOPLIST_FILE = TraceRouterTests/Info.plist;
				LD_RUNPATH_SEARCH_PATHS = "$(inherited) @executable_path/Frameworks @loader_path/Frameworks";
				PRODUCT_NAME = "$(TARGET_NAME)";
				TEST_HOST = "$(BUILT_PRODUCTS_DIR)/TraceRouter.app/TraceRouter";
			};
			name = Debug;
		};
		4A762E851C1127A100081545 /* Release */ = {
			isa = XCBuildConfiguration;
			buildSettings = {
				BUNDLE_LOADER = "$(TEST_HOST)";
				FRAMEWORK_SEARCH_PATHS = (
					"$(SDKROOT)/Developer/Library/Frameworks",
					"$(inherited)",
				);
				INFOPLIST_FILE = TraceRouterTests/Info.plist;
				LD_RUNPATH_SEARCH_PATHS = "$(inherited) @executable_path/Frameworks @loader_path/Frameworks";
				PRODUCT_NAME = "$(TARGET_NAME)";
				TEST_HOST = "$(BUILT_PRODUCTS_DIR)/TraceRouter.app/TraceRouter";
			};
			name = Release;
		};
/* End XCBuildConfiguration section */

/* Begin XCConfigurationList section */
		4A762E581C1127A100081545 /* Build configuration list for PBXProject "TraceRouter" */ = {
			isa = XCConfigurationList;
			buildConfigurations = (
				4A762E7E1C1127A100081545 /* Debug */,
				4A762E7F1C1127A100081545 /* Release */,
			);
			defaultConfigurationIsVisible = 0;
			defaultConfigurationName = Release;
		};
		4A762E801C1127A100081545 /* Build configuration list for PBXNativeTarget "TraceRouter" */ = {
			isa = XCConfigurationList;
			buildConfigurations = (
				4A762E811C1127A100081545 /* Debug */,
				4A762E821C1127A100081545 /* Release */,
			);
			defaultConfigurationIsVisible = 0;
		};
		4A762E831C1127A100081545 /* Build configuration list for PBXNativeTarget "TraceRouterTests" */ = {
			isa = XCConfigurationList;
			buildConfigurations = (
				4A762E841C1127A100081545 /* Debug */,
				4A762E851C1127A100081545 /* Release */,
			);
			defaultConfigurationIsVisible = 0;
		};
/* End XCConfigurationList section */
	};
	rootObject = 4A762E551C1127A100081545 /* Project object */;
}
